
Microsoft Visual Studio Solution File, Format Version 12.00
# Visual Studio Version 16
VisualStudioVersion = 16.0.29509.3
MinimumVisualStudioVersion = 10.0.40219.1
Project("{FAE04EC0-301F-11D3-BF4B-00C04F79EFBC}") = "DecoderRing.Lib", "DecoderRing.Lib\DecoderRing.Lib.csproj", "{D685EC95-C575-4B14-B6AF-3CC70F1AD0C1}"
EndProject
Project("{FAE04EC0-301F-11D3-BF4B-00C04F79EFBC}") = "DecoderRing.Tests", "DecoderRing.Tests\DecoderRing.Tests.csproj", "{03C841AC-D7C2-46F2-8044-89E0E1EB26AE}"
EndProject
Global
	GlobalSection(SolutionConfigurationPlatforms) = preSolution
		Debug|Any CPU = Debug|Any CPU
		Release|Any CPU = Release|Any CPU
	EndGlobalSection
	GlobalSection(ProjectConfigurationPlatforms) = postSolution
		{D685EC95-C575-4B14-B6AF-3CC70F1AD0C1}.Debug|Any CPU.ActiveCfg = Debug|Any CPU
		{D685EC95-C575-4B14-B6AF-3CC70F1AD0C1}.Debug|Any CPU.Build.0 = Debug|Any CPU
		{D685EC95-C575-4B14-B6AF-3CC70F1AD0C1}.Release|Any CPU.ActiveCfg = Release|Any CPU
		{D685EC95-C575-4B14-B6AF-3CC70F1AD0C1}.Release|Any CPU.Build.0 = Release|Any CPU
		{03C841AC-D7C2-46F2-8044-89E0E1EB26AE}.Debug|Any CPU.ActiveCfg = Debug|Any CPU
		{03C841AC-D7C2-46F2-8044-89E0E1EB26AE}.Debug|Any CPU.Build.0 = Debug|Any CPU
		{03C841AC-D7C2-46F2-8044-89E0E1EB26AE}.Release|Any CPU.ActiveCfg = Release|Any CPU
		{03C841AC-D7C2-46F2-8044-89E0E1EB26AE}.Release|Any CPU.Build.0 = Release|Any CPU
	EndGlobalSection
	GlobalSection(SolutionProperties) = preSolution
		HideSolutionNode = FALSE
	EndGlobalSection
	GlobalSection(ExtensibilityGlobals) = postSolution
		SolutionGuid = {5944D6D9-1721-4EF0-9097-1F3E5F9579D2}
	EndGlobalSection
EndGlobal
