
Microsoft Visual Studio Solution File, Format Version 12.00
# Visual Studio 15
VisualStudioVersion = 15.0.28010.2016
MinimumVisualStudioVersion = 10.0.40219.1
Project("{FAE04EC0-301F-11D3-BF4B-00C04F79EFBC}") = "q3", "q3\q3.csproj", "{DE7CA96F-07FF-49B6-91CA-29B467F8C895}"
EndProject
Project("{FAE04EC0-301F-11D3-BF4B-00C04F79EFBC}") = "q3.Tests", "q3.Tests\q3.Tests.csproj", "{765AF7EA-C84F-45A7-98AF-DD46A25AB812}"
EndProject
Global
	GlobalSection(SolutionConfigurationPlatforms) = preSolution
		Debug|Any CPU = Debug|Any CPU
		Release|Any CPU = Release|Any CPU
	EndGlobalSection
	GlobalSection(ProjectConfigurationPlatforms) = postSolution
		{DE7CA96F-07FF-49B6-91CA-29B467F8C895}.Debug|Any CPU.ActiveCfg = Debug|Any CPU
		{DE7CA96F-07FF-49B6-91CA-29B467F8C895}.Debug|Any CPU.Build.0 = Debug|Any CPU
		{DE7CA96F-07FF-49B6-91CA-29B467F8C895}.Release|Any CPU.ActiveCfg = Release|Any CPU
		{DE7CA96F-07FF-49B6-91CA-29B467F8C895}.Release|Any CPU.Build.0 = Release|Any CPU
		{765AF7EA-C84F-45A7-98AF-DD46A25AB812}.Debug|Any CPU.ActiveCfg = Debug|Any CPU
		{765AF7EA-C84F-45A7-98AF-DD46A25AB812}.Debug|Any CPU.Build.0 = Debug|Any CPU
		{765AF7EA-C84F-45A7-98AF-DD46A25AB812}.Release|Any CPU.ActiveCfg = Release|Any CPU
		{765AF7EA-C84F-45A7-98AF-DD46A25AB812}.Release|Any CPU.Build.0 = Release|Any CPU
	EndGlobalSection
	GlobalSection(SolutionProperties) = preSolution
		HideSolutionNode = FALSE
	EndGlobalSection
	GlobalSection(ExtensibilityGlobals) = postSolution
		SolutionGuid = {B607814A-F233-45C8-AE28-CC3E31388E67}
	EndGlobalSection
EndGlobal
