
Microsoft Visual Studio Solution File, Format Version 12.00
# Visual Studio 14
VisualStudioVersion = 14.0.25420.1
MinimumVisualStudioVersion = 10.0.40219.1
Project("{FAE04EC0-301F-11D3-BF4B-00C04F79EFBC}") = "q3", "q3\q3.csproj", "{D3DFBC5A-C8BF-46AF-BEA7-438AA77D5D8F}"
EndProject
Project("{FAE04EC0-301F-11D3-BF4B-00C04F79EFBC}") = "q3logic", "q3logic\q3logic.csproj", "{C68A0AE2-0637-4487-8F66-FCD464DFDDC8}"
EndProject
Project("{FAE04EC0-301F-11D3-BF4B-00C04F79EFBC}") = "q3Test", "q3Test\q3Test.csproj", "{0ED474FF-D841-4C76-877B-949C45A37F20}"
EndProject
Global
	GlobalSection(SolutionConfigurationPlatforms) = preSolution
		Debug|Any CPU = Debug|Any CPU
		Release|Any CPU = Release|Any CPU
	EndGlobalSection
	GlobalSection(ProjectConfigurationPlatforms) = postSolution
		{D3DFBC5A-C8BF-46AF-BEA7-438AA77D5D8F}.Debug|Any CPU.ActiveCfg = Debug|Any CPU
		{D3DFBC5A-C8BF-46AF-BEA7-438AA77D5D8F}.Debug|Any CPU.Build.0 = Debug|Any CPU
		{D3DFBC5A-C8BF-46AF-BEA7-438AA77D5D8F}.Release|Any CPU.ActiveCfg = Release|Any CPU
		{D3DFBC5A-C8BF-46AF-BEA7-438AA77D5D8F}.Release|Any CPU.Build.0 = Release|Any CPU
		{C68A0AE2-0637-4487-8F66-FCD464DFDDC8}.Debug|Any CPU.ActiveCfg = Debug|Any CPU
		{C68A0AE2-0637-4487-8F66-FCD464DFDDC8}.Debug|Any CPU.Build.0 = Debug|Any CPU
		{C68A0AE2-0637-4487-8F66-FCD464DFDDC8}.Release|Any CPU.ActiveCfg = Release|Any CPU
		{C68A0AE2-0637-4487-8F66-FCD464DFDDC8}.Release|Any CPU.Build.0 = Release|Any CPU
		{0ED474FF-D841-4C76-877B-949C45A37F20}.Debug|Any CPU.ActiveCfg = Debug|Any CPU
		{0ED474FF-D841-4C76-877B-949C45A37F20}.Debug|Any CPU.Build.0 = Debug|Any CPU
		{0ED474FF-D841-4C76-877B-949C45A37F20}.Release|Any CPU.ActiveCfg = Release|Any CPU
		{0ED474FF-D841-4C76-877B-949C45A37F20}.Release|Any CPU.Build.0 = Release|Any CPU
	EndGlobalSection
	GlobalSection(SolutionProperties) = preSolution
		HideSolutionNode = FALSE
	EndGlobalSection
EndGlobal
