
Microsoft Visual Studio Solution File, Format Version 12.00
# Visual Studio 15
VisualStudioVersion = 15.0.27004.2005
MinimumVisualStudioVersion = 10.0.40219.1
Project("{FAE04EC0-301F-11D3-BF4B-00C04F79EFBC}") = "2014-q1", "2014-q1\2014-q1.csproj", "{58A46CC7-29C3-4210-A81D-1651553505F4}"
EndProject
Project("{FAE04EC0-301F-11D3-BF4B-00C04F79EFBC}") = "Q1.Tests", "Q1.Tests\Q1.Tests.csproj", "{6529AF49-9F77-4416-91B9-8727ABDE3D4B}"
EndProject
Global
	GlobalSection(SolutionConfigurationPlatforms) = preSolution
		Debug|Any CPU = Debug|Any CPU
		Release|Any CPU = Release|Any CPU
	EndGlobalSection
	GlobalSection(ProjectConfigurationPlatforms) = postSolution
		{58A46CC7-29C3-4210-A81D-1651553505F4}.Debug|Any CPU.ActiveCfg = Debug|Any CPU
		{58A46CC7-29C3-4210-A81D-1651553505F4}.Debug|Any CPU.Build.0 = Debug|Any CPU
		{58A46CC7-29C3-4210-A81D-1651553505F4}.Release|Any CPU.ActiveCfg = Release|Any CPU
		{58A46CC7-29C3-4210-A81D-1651553505F4}.Release|Any CPU.Build.0 = Release|Any CPU
		{6529AF49-9F77-4416-91B9-8727ABDE3D4B}.Debug|Any CPU.ActiveCfg = Debug|Any CPU
		{6529AF49-9F77-4416-91B9-8727ABDE3D4B}.Debug|Any CPU.Build.0 = Debug|Any CPU
		{6529AF49-9F77-4416-91B9-8727ABDE3D4B}.Release|Any CPU.ActiveCfg = Release|Any CPU
		{6529AF49-9F77-4416-91B9-8727ABDE3D4B}.Release|Any CPU.Build.0 = Release|Any CPU
	EndGlobalSection
	GlobalSection(SolutionProperties) = preSolution
		HideSolutionNode = FALSE
	EndGlobalSection
	GlobalSection(ExtensibilityGlobals) = postSolution
		SolutionGuid = {ED9521B9-64CB-4609-9C5A-FA8DF793CF8E}
	EndGlobalSection
EndGlobal
