
Microsoft Visual Studio Solution File, Format Version 12.00
# Visual Studio Version 16
VisualStudioVersion = 16.0.31313.79
MinimumVisualStudioVersion = 10.0.40219.1
Project("{FAE04EC0-301F-11D3-BF4B-00C04F79EFBC}") = "Decrypt", "Decrypt\Decrypt.csproj", "{0E615454-F115-4EC1-8157-7097D930EB3D}"
EndProject
Global
	GlobalSection(SolutionConfigurationPlatforms) = preSolution
		Debug|Any CPU = Debug|Any CPU
		Release|Any CPU = Release|Any CPU
	EndGlobalSection
	GlobalSection(ProjectConfigurationPlatforms) = postSolution
		{0E615454-F115-4EC1-8157-7097D930EB3D}.Debug|Any CPU.ActiveCfg = Debug|Any CPU
		{0E615454-F115-4EC1-8157-7097D930EB3D}.Debug|Any CPU.Build.0 = Debug|Any CPU
		{0E615454-F115-4EC1-8157-7097D930EB3D}.Release|Any CPU.ActiveCfg = Release|Any CPU
		{0E615454-F115-4EC1-8157-7097D930EB3D}.Release|Any CPU.Build.0 = Release|Any CPU
	EndGlobalSection
	GlobalSection(SolutionProperties) = preSolution
		HideSolutionNode = FALSE
	EndGlobalSection
	GlobalSection(ExtensibilityGlobals) = postSolution
		SolutionGuid = {A60F011C-4B02-44C0-9928-8D8757D36FBF}
	EndGlobalSection
EndGlobal
