
Microsoft Visual Studio Solution File, Format Version 12.00
# Visual Studio 15
VisualStudioVersion = 15.0.28010.2016
MinimumVisualStudioVersion = 10.0.40219.1
Project("{FAE04EC0-301F-11D3-BF4B-00C04F79EFBC}") = "q1", "q1\q1.csproj", "{80F65BF6-6B92-43F9-9D2D-1257EDC50E5F}"
EndProject
Project("{FAE04EC0-301F-11D3-BF4B-00C04F79EFBC}") = "q1.Tests", "q1.Tests\q1.Tests.csproj", "{D771CA77-98DE-45A2-9911-F06A0A1DD161}"
EndProject
Global
	GlobalSection(SolutionConfigurationPlatforms) = preSolution
		Debug|Any CPU = Debug|Any CPU
		Release|Any CPU = Release|Any CPU
	EndGlobalSection
	GlobalSection(ProjectConfigurationPlatforms) = postSolution
		{80F65BF6-6B92-43F9-9D2D-1257EDC50E5F}.Debug|Any CPU.ActiveCfg = Debug|Any CPU
		{80F65BF6-6B92-43F9-9D2D-1257EDC50E5F}.Debug|Any CPU.Build.0 = Debug|Any CPU
		{80F65BF6-6B92-43F9-9D2D-1257EDC50E5F}.Release|Any CPU.ActiveCfg = Release|Any CPU
		{80F65BF6-6B92-43F9-9D2D-1257EDC50E5F}.Release|Any CPU.Build.0 = Release|Any CPU
		{D771CA77-98DE-45A2-9911-F06A0A1DD161}.Debug|Any CPU.ActiveCfg = Debug|Any CPU
		{D771CA77-98DE-45A2-9911-F06A0A1DD161}.Debug|Any CPU.Build.0 = Debug|Any CPU
		{D771CA77-98DE-45A2-9911-F06A0A1DD161}.Release|Any CPU.ActiveCfg = Release|Any CPU
		{D771CA77-98DE-45A2-9911-F06A0A1DD161}.Release|Any CPU.Build.0 = Release|Any CPU
	EndGlobalSection
	GlobalSection(SolutionProperties) = preSolution
		HideSolutionNode = FALSE
	EndGlobalSection
	GlobalSection(ExtensibilityGlobals) = postSolution
		SolutionGuid = {5B54D07D-F0CE-4778-B06D-8C4CAC1D5750}
	EndGlobalSection
EndGlobal
